github.com/jjcapellan/fsinfo v0.1.3 h1:sSDl/bG8h8c/Fpl/p+A3sjWEkX9MKR+zGaAxMEhW2RQ=
github.com/jjcapellan/fsinfo v0.1.3/go.mod h1:DoZr9hknTSFPo4jfkcqf/o8Jq5+R2H0M0Bs8nD+HPFQ=
github.com/jjcapellan/fsinfo v0.2.0 h1:PYorOIqN8RkoH5fug9pO0zOL9G+EQqH8XVAAHDxSlho=
github.com/jjcapellan/fsinfo v0.2.0/go.mod h1:DoZr9hknTSFPo4jfkcqf/o8Jq5+R2H0M0Bs8nD+HPFQ=
github.com/jjcapellan/fsinfo v0.3.0 h1:/RLLIj9cJ9PfDCHYxTtFfRAiQlVK7BwnVhHu4pxXnlg=
github.com/jjcapellan/fsinfo v0.3.0/go.mod h1:DoZr9hknTSFPo4jfkcqf/o8Jq5+R2H0M0Bs8nD+HPFQ=
